<?xml version="1.0" encoding="utf-8"?>
<Project ToolsVersion="4.0" xmlns="http://schemas.microsoft.com/developer/msbuild/2003">
  <ItemGroup>
    <Filter Include="Quelldateien">
      <UniqueIdentifier>{4FC737F1-C7A5-4376-A066-2A32D752A2FF}</UniqueIdentifier>
      <Extensions>cpp;c;cc;cxx;def;odl;idl;hpj;bat;asm;asmx</Extensions>
    </Filter>
    <Filter Include="Headerdateien">
      <UniqueIdentifier>{93995380-89BD-4b04-88EB-625FBE52EBFB}</UniqueIdentifier>
      <Extensions>h;hpp;hxx;hm;inl;inc;xsd</Extensions>
    </Filter>
    <Filter Include="Ressourcendateien">
      <UniqueIdentifier>{67DA6AB6-F800-4c08-8B7A-83BB121AAD01}</UniqueIdentifier>
      <Extensions>rc;ico;cur;bmp;dlg;rc2;rct;bin;rgs;gif;jpg;jpeg;jpe;resx;tiff;tif;png;wav;mfcribbon-ms</Extensions>
    </Filter>
  </ItemGroup>
  <ItemGroup>
    <ClCompile Include="src\ScreenManager.cpp">
      <Filter>Quelldateien</Filter>
    </ClCompile>
    <ClCompile Include="src\pugixml.cpp">
      <Filter>Quelldateien</Filter>
    </ClCompile>
    <ClCompile Include="libpng\png.c">
      <Filter>Quelldateien</Filter>
    </ClCompile>
    <ClCompile Include="libpng\pngerror.c">
      <Filter>Quelldateien</Filter>
    </ClCompile>
    <ClCompile Include="libpng\pngget.c">
      <Filter>Quelldateien</Filter>
    </ClCompile>
    <ClCompile Include="libpng\pngmem.c">
      <Filter>Quelldateien</Filter>
    </ClCompile>
    <ClCompile Include="libpng\pngpread.c">
      <Filter>Quelldateien</Filter>
    </ClCompile>
    <ClCompile Include="libpng\pngread.c">
      <Filter>Quelldateien</Filter>
    </ClCompile>
    <ClCompile Include="libpng\pngrio.c">
      <Filter>Quelldateien</Filter>
    </ClCompile>
    <ClCompile Include="libpng\pngrtran.c">
      <Filter>Quelldateien</Filter>
    </ClCompile>
    <ClCompile Include="libpng\pngrutil.c">
      <Filter>Quelldateien</Filter>
    </ClCompile>
    <ClCompile Include="libpng\pngset.c">
      <Filter>Quelldateien</Filter>
    </ClCompile>
    <ClCompile Include="libpng\pngtest.c">
      <Filter>Quelldateien</Filter>
    </ClCompile>
    <ClCompile Include="libpng\pngtrans.c">
      <Filter>Quelldateien</Filter>
    </ClCompile>
    <ClCompile Include="libpng\pngwio.c">
      <Filter>Quelldateien</Filter>
    </ClCompile>
    <ClCompile Include="libpng\pngwrite.c">
      <Filter>Quelldateien</Filter>
    </ClCompile>
    <ClCompile Include="libpng\pngwtran.c">
      <Filter>Quelldateien</Filter>
    </ClCompile>
    <ClCompile Include="libpng\pngwutil.c">
      <Filter>Quelldateien</Filter>
    </ClCompile>
    <ClCompile Include="zlib\adler32.c">
      <Filter>Quelldateien</Filter>
    </ClCompile>
    <ClCompile Include="zlib\compress.c">
      <Filter>Quelldateien</Filter>
    </ClCompile>
    <ClCompile Include="zlib\crc32.c">
      <Filter>Quelldateien</Filter>
    </ClCompile>
    <ClCompile Include="zlib\deflate.c">
      <Filter>Quelldateien</Filter>
    </ClCompile>
    <ClCompile Include="zlib\gzclose.c">
      <Filter>Quelldateien</Filter>
    </ClCompile>
    <ClCompile Include="zlib\gzlib.c">
      <Filter>Quelldateien</Filter>
    </ClCompile>
    <ClCompile Include="zlib\gzread.c">
      <Filter>Quelldateien</Filter>
    </ClCompile>
    <ClCompile Include="zlib\gzwrite.c">
      <Filter>Quelldateien</Filter>
    </ClCompile>
    <ClCompile Include="zlib\infback.c">
      <Filter>Quelldateien</Filter>
    </ClCompile>
    <ClCompile Include="zlib\inffast.c">
      <Filter>Quelldateien</Filter>
    </ClCompile>
    <ClCompile Include="zlib\inflate.c">
      <Filter>Quelldateien</Filter>
    </ClCompile>
    <ClCompile Include="zlib\inftrees.c">
      <Filter>Quelldateien</Filter>
    </ClCompile>
    <ClCompile Include="zlib\trees.c">
      <Filter>Quelldateien</Filter>
    </ClCompile>
    <ClCompile Include="zlib\uncompr.c">
      <Filter>Quelldateien</Filter>
    </ClCompile>
    <ClCompile Include="zlib\zutil.c">
      <Filter>Quelldateien</Filter>
    </ClCompile>
    <ClCompile Include="src\GameplayScreen.cpp">
      <Filter>Quelldateien</Filter>
    </ClCompile>
    <ClCompile Include="src\Maths\GeometryMath.cpp">
      <Filter>Quelldateien</Filter>
    </ClCompile>
    <ClCompile Include="src\Maths\MatrixMath.cpp">
      <Filter>Quelldateien</Filter>
    </ClCompile>
    <ClCompile Include="src\EventManager\EventManager.cpp">
      <Filter>Quelldateien</Filter>
    </ClCompile>
    <ClCompile Include="src\EventManager\Events.cpp">
      <Filter>Quelldateien</Filter>
    </ClCompile>
    <ClCompile Include="src\Gameplay\ButtonController.cpp">
      <Filter>Quelldateien</Filter>
    </ClCompile>
    <ClCompile Include="src\Scene\Camera.cpp">
      <Filter>Quelldateien</Filter>
    </ClCompile>
    <ClCompile Include="src\Gameplay\CameraController.cpp">
      <Filter>Quelldateien</Filter>
    </ClCompile>
    <ClCompile Include="src\UserInterface\Font.cpp">
      <Filter>Quelldateien</Filter>
    </ClCompile>
    <ClCompile Include="src\Gameplay\GameLogic.cpp">
      <Filter>Quelldateien</Filter>
    </ClCompile>
    <ClCompile Include="src\Resources\Image.cpp">
      <Filter>Quelldateien</Filter>
    </ClCompile>
    <ClCompile Include="src\Resources\Resource.cpp">
      <Filter>Quelldateien</Filter>
    </ClCompile>
    <ClCompile Include="src\Resources\ResourceManager.cpp">
      <Filter>Quelldateien</Filter>
    </ClCompile>
    <ClCompile Include="src\Physics\Physics.cpp">
      <Filter>Quelldateien</Filter>
    </ClCompile>
    <ClCompile Include="src\Resources\Model.cpp">
      <Filter>Quelldateien</Filter>
    </ClCompile>
    <ClCompile Include="src\Resources\MaterialList.cpp">
      <Filter>Quelldateien</Filter>
    </ClCompile>
    <ClCompile Include="src\Gameplay\Level.cpp">
      <Filter>Quelldateien</Filter>
    </ClCompile>
    <ClCompile Include="src\Scene\Skybox.cpp">
      <Filter>Quelldateien</Filter>
    </ClCompile>
    <ClCompile Include="src\Scene\Terrain.cpp">
      <Filter>Quelldateien</Filter>
    </ClCompile>
    <ClCompile Include="src\Gameplay\TeleporterController.cpp">
      <Filter>Quelldateien</Filter>
    </ClCompile>
    <ClCompile Include="src\Gameplay\PlayerController.cpp">
      <Filter>Quelldateien</Filter>
    </ClCompile>
    <ClCompile Include="src\CGraphics.cpp">
      <Filter>Quelldateien</Filter>
    </ClCompile>
    <ClCompile Include="src\DXShader.cpp">
      <Filter>Quelldateien</Filter>
    </ClCompile>
    <ClCompile Include="src\EditorCameraController.cpp">
      <Filter>Quelldateien</Filter>
    </ClCompile>
    <ClCompile Include="src\EditorFunctions.cpp">
      <Filter>Quelldateien</Filter>
    </ClCompile>
    <ClCompile Include="src\main.cpp">
      <Filter>Quelldateien</Filter>
    </ClCompile>
    <ClCompile Include="src\Scene\SceneNode.cpp">
      <Filter>Quelldateien</Filter>
    </ClCompile>
    <ClCompile Include="src\Scene\MatrixStack.cpp">
      <Filter>Quelldateien</Filter>
    </ClCompile>
    <ClCompile Include="src\Scene\NodeAnimation.cpp">
      <Filter>Quelldateien</Filter>
    </ClCompile>
    <ClCompile Include="src\Scene\ShadowMap.cpp">
      <Filter>Quelldateien</Filter>
    </ClCompile>
    <ClCompile Include="src\Scene\InstancingNode.cpp">
      <Filter>Quelldateien</Filter>
    </ClCompile>
    <ClCompile Include="src\Gameplay\Platform.cpp">
      <Filter>Quelldateien</Filter>
    </ClCompile>
    <ClCompile Include="src\Scene\Scene.cpp">
      <Filter>Quelldateien</Filter>
    </ClCompile>
    <ClCompile Include="src\InputManager\InputManager.cpp">
      <Filter>Quelldateien</Filter>
    </ClCompile>
  </ItemGroup>
  <ItemGroup>
    <ClInclude Include="src\ScreenManager.h">
      <Filter>Headerdateien</Filter>
    </ClInclude>
    <ClInclude Include="src\Util.h">
      <Filter>Headerdateien</Filter>
    </ClInclude>
    <ClInclude Include="src\pugixml.hpp">
      <Filter>Headerdateien</Filter>
    </ClInclude>
    <ClInclude Include="src\pugiconfig.hpp">
      <Filter>Headerdateien</Filter>
    </ClInclude>
    <ClInclude Include="libpng\config.h">
      <Filter>Headerdateien</Filter>
    </ClInclude>
    <ClInclude Include="libpng\png.h">
      <Filter>Headerdateien</Filter>
    </ClInclude>
    <ClInclude Include="libpng\pngconf.h">
      <Filter>Headerdateien</Filter>
    </ClInclude>
    <ClInclude Include="libpng\pngdebug.h">
      <Filter>Headerdateien</Filter>
    </ClInclude>
    <ClInclude Include="libpng\pnginfo.h">
      <Filter>Headerdateien</Filter>
    </ClInclude>
    <ClInclude Include="libpng\pnglibconf.h">
      <Filter>Headerdateien</Filter>
    </ClInclude>
    <ClInclude Include="libpng\pngprefix.h">
      <Filter>Headerdateien</Filter>
    </ClInclude>
    <ClInclude Include="libpng\pngpriv.h">
      <Filter>Headerdateien</Filter>
    </ClInclude>
    <ClInclude Include="libpng\pngstruct.h">
      <Filter>Headerdateien</Filter>
    </ClInclude>
    <ClInclude Include="zlib\crc32.h">
      <Filter>Headerdateien</Filter>
    </ClInclude>
    <ClInclude Include="zlib\deflate.h">
      <Filter>Headerdateien</Filter>
    </ClInclude>
    <ClInclude Include="zlib\gzguts.h">
      <Filter>Headerdateien</Filter>
    </ClInclude>
    <ClInclude Include="zlib\inffast.h">
      <Filter>Headerdateien</Filter>
    </ClInclude>
    <ClInclude Include="zlib\inffixed.h">
      <Filter>Headerdateien</Filter>
    </ClInclude>
    <ClInclude Include="zlib\inflate.h">
      <Filter>Headerdateien</Filter>
    </ClInclude>
    <ClInclude Include="zlib\inftrees.h">
      <Filter>Headerdateien</Filter>
    </ClInclude>
    <ClInclude Include="zlib\trees.h">
      <Filter>Headerdateien</Filter>
    </ClInclude>
    <ClInclude Include="zlib\zconf.h">
      <Filter>Headerdateien</Filter>
    </ClInclude>
    <ClInclude Include="zlib\zlib.h">
      <Filter>Headerdateien</Filter>
    </ClInclude>
    <ClInclude Include="zlib\zutil.h">
      <Filter>Headerdateien</Filter>
    </ClInclude>
    <ClInclude Include="src\GameplayScreen.h">
      <Filter>Headerdateien</Filter>
    </ClInclude>
    <ClInclude Include="src\Maths\GeometryMath.h">
      <Filter>Headerdateien</Filter>
    </ClInclude>
    <ClInclude Include="src\Maths\MatrixMath.h">
      <Filter>Headerdateien</Filter>
    </ClInclude>
    <ClInclude Include="src\Maths\QuaternionMath.h">
      <Filter>Headerdateien</Filter>
    </ClInclude>
    <ClInclude Include="src\Maths\VectorMath.h">
      <Filter>Headerdateien</Filter>
    </ClInclude>
    <ClInclude Include="src\StringHash.h">
      <Filter>Headerdateien</Filter>
    </ClInclude>
    <ClInclude Include="src\EventManager\EventManager.h">
      <Filter>Headerdateien</Filter>
    </ClInclude>
    <ClInclude Include="src\EventManager\Events.h">
      <Filter>Headerdateien</Filter>
    </ClInclude>
    <ClInclude Include="src\Gameplay\ButtonController.h">
      <Filter>Headerdateien</Filter>
    </ClInclude>
    <ClInclude Include="src\Scene\Camera.h">
      <Filter>Headerdateien</Filter>
    </ClInclude>
    <ClInclude Include="src\Gameplay\CameraController.h">
      <Filter>Headerdateien</Filter>
    </ClInclude>
    <ClInclude Include="src\UserInterface\Font.h">
      <Filter>Headerdateien</Filter>
    </ClInclude>
    <ClInclude Include="src\Gameplay\GameLogic.h">
      <Filter>Headerdateien</Filter>
    </ClInclude>
    <ClInclude Include="src\Resources\Image.h">
      <Filter>Headerdateien</Filter>
    </ClInclude>
    <ClInclude Include="src\Scene\InstancingNode.h">
      <Filter>Headerdateien</Filter>
    </ClInclude>
    <ClInclude Include="src\Resources\Resource.h">
      <Filter>Headerdateien</Filter>
    </ClInclude>
    <ClInclude Include="src\Resources\ResourceManager.h">
      <Filter>Headerdateien</Filter>
    </ClInclude>
    <ClInclude Include="src\Physics\NodeMotionState.h">
      <Filter>Headerdateien</Filter>
    </ClInclude>
    <ClInclude Include="src\Physics\Physics.h">
      <Filter>Headerdateien</Filter>
    </ClInclude>
    <ClInclude Include="src\Resources\Model.h">
      <Filter>Headerdateien</Filter>
    </ClInclude>
    <ClInclude Include="src\Resources\MaterialList.h">
      <Filter>Headerdateien</Filter>
    </ClInclude>
    <ClInclude Include="src\Gameplay\Level.h">
      <Filter>Headerdateien</Filter>
    </ClInclude>
    <ClInclude Include="src\Scene\Skybox.h">
      <Filter>Headerdateien</Filter>
    </ClInclude>
    <ClInclude Include="src\Scene\Terrain.h">
      <Filter>Headerdateien</Filter>
    </ClInclude>
    <ClInclude Include="src\Gameplay\TeleporterController.h">
      <Filter>Headerdateien</Filter>
    </ClInclude>
    <ClInclude Include="src\Gameplay\PlayerController.h">
      <Filter>Headerdateien</Filter>
    </ClInclude>
    <ClInclude Include="src\CGraphics.h">
      <Filter>Headerdateien</Filter>
    </ClInclude>
    <ClInclude Include="src\DXShader.h">
      <Filter>Headerdateien</Filter>
    </ClInclude>
    <ClInclude Include="src\EditorCameraController.h">
      <Filter>Headerdateien</Filter>
    </ClInclude>
    <ClInclude Include="src\EditorFunctions.h">
      <Filter>Headerdateien</Filter>
    </ClInclude>
    <ClInclude Include="src\main.h">
      <Filter>Headerdateien</Filter>
    </ClInclude>
    <ClInclude Include="src\stdafx.h">
      <Filter>Headerdateien</Filter>
    </ClInclude>
    <ClInclude Include="src\Scene\SceneNode.h">
      <Filter>Headerdateien</Filter>
    </ClInclude>
    <ClInclude Include="src\Scene\MatrixStack.h">
      <Filter>Headerdateien</Filter>
    </ClInclude>
    <ClInclude Include="src\Scene\NodeAnimation.h">
      <Filter>Headerdateien</Filter>
    </ClInclude>
    <ClInclude Include="src\Scene\ShadowMap.h">
      <Filter>Headerdateien</Filter>
    </ClInclude>
    <ClInclude Include="src\Scene\Material.h">
      <Filter>Headerdateien</Filter>
    </ClInclude>
    <ClInclude Include="src\Gameplay\Platform.h">
      <Filter>Headerdateien</Filter>
    </ClInclude>
    <ClInclude Include="src\Scene\Scene.h">
      <Filter>Headerdateien</Filter>
    </ClInclude>
    <ClInclude Include="src\InputManager\InputData.h">
      <Filter>Headerdateien</Filter>
    </ClInclude>
    <ClInclude Include="src\InputManager\InputManager.h">
      <Filter>Headerdateien</Filter>
    </ClInclude>
  </ItemGroup>
</Project>